{
  "requires": true,
  "lockfileVersion": 1,
  "dependencies": {
    "imageutils": {
      "version": "0.0.6",
      "resolved": "https://registry.npmjs.org/imageutils/-/imageutils-0.0.6.tgz",
      "integrity": "sha1-ljcoK92CDnbkYC4b1qsrTBrL3S8="
    },
    "three": {
      "version": "0.88.0",
      "resolved": "https://registry.npmjs.org/three/-/three-0.88.0.tgz",
      "integrity": "sha1-QlbC/Djk+yOg0j66K2zOTfjkZtU="
    }
  }
}
